
Microsoft Visual Studio Solution File, Format Version 12.00
# Visual Studio 15
VisualStudioVersion = 15.0.28010.2016
MinimumVisualStudioVersion = 10.0.40219.1
Project("{FAE04EC0-301F-11D3-BF4B-00C04F79EFBC}") = "Lopade.Android", "Lopade\Lopade.Android\Lopade.Android.csproj", "{24CE3C36-16B9-426D-AA0C-5961ECF8D88C}"
EndProject
Project("{FAE04EC0-301F-11D3-BF4B-00C04F79EFBC}") = "Lopade.iOS", "Lopade\Lopade.iOS\Lopade.iOS.csproj", "{3DF3B0F6-368A-4CF6-84C3-F261B31A62E5}"
EndProject
Project("{D954291E-2A0B-460D-934E-DC6B0785DB48}") = "Lopade", "Lopade\Lopade\Lopade.shproj", "{17B00C25-CF77-49BB-B07F-4C6C661668CF}"
EndProject
Global
	GlobalSection(SharedMSBuildProjectFiles) = preSolution
		Lopade\Lopade\Lopade.projitems*{17b00c25-cf77-49bb-b07f-4c6c661668cf}*SharedItemsImports = 13
		Lopade\Lopade\Lopade.projitems*{24ce3c36-16b9-426d-aa0c-5961ecf8d88c}*SharedItemsImports = 4
		Lopade\Lopade\Lopade.projitems*{3df3b0f6-368a-4cf6-84c3-f261b31a62e5}*SharedItemsImports = 4
	EndGlobalSection
	GlobalSection(SolutionConfigurationPlatforms) = preSolution
		Debug|Any CPU = Debug|Any CPU
		Debug|iPhone = Debug|iPhone
		Debug|iPhoneSimulator = Debug|iPhoneSimulator
		Release|Any CPU = Release|Any CPU
		Release|iPhone = Release|iPhone
		Release|iPhoneSimulator = Release|iPhoneSimulator
	EndGlobalSection
	GlobalSection(ProjectConfigurationPlatforms) = postSolution
		{24CE3C36-16B9-426D-AA0C-5961ECF8D88C}.Debug|Any CPU.ActiveCfg = Debug|Any CPU
		{24CE3C36-16B9-426D-AA0C-5961ECF8D88C}.Debug|Any CPU.Build.0 = Debug|Any CPU
		{24CE3C36-16B9-426D-AA0C-5961ECF8D88C}.Debug|Any CPU.Deploy.0 = Debug|Any CPU
		{24CE3C36-16B9-426D-AA0C-5961ECF8D88C}.Debug|iPhone.ActiveCfg = Debug|Any CPU
		{24CE3C36-16B9-426D-AA0C-5961ECF8D88C}.Debug|iPhone.Build.0 = Debug|Any CPU
		{24CE3C36-16B9-426D-AA0C-5961ECF8D88C}.Debug|iPhone.Deploy.0 = Debug|Any CPU
		{24CE3C36-16B9-426D-AA0C-5961ECF8D88C}.Debug|iPhoneSimulator.ActiveCfg = Debug|Any CPU
		{24CE3C36-16B9-426D-AA0C-5961ECF8D88C}.Debug|iPhoneSimulator.Build.0 = Debug|Any CPU
		{24CE3C36-16B9-426D-AA0C-5961ECF8D88C}.Debug|iPhoneSimulator.Deploy.0 = Debug|Any CPU
		{24CE3C36-16B9-426D-AA0C-5961ECF8D88C}.Release|Any CPU.ActiveCfg = Release|Any CPU
		{24CE3C36-16B9-426D-AA0C-5961ECF8D88C}.Release|Any CPU.Build.0 = Release|Any CPU
		{24CE3C36-16B9-426D-AA0C-5961ECF8D88C}.Release|Any CPU.Deploy.0 = Release|Any CPU
		{24CE3C36-16B9-426D-AA0C-5961ECF8D88C}.Release|iPhone.ActiveCfg = Release|Any CPU
		{24CE3C36-16B9-426D-AA0C-5961ECF8D88C}.Release|iPhone.Build.0 = Release|Any CPU
		{24CE3C36-16B9-426D-AA0C-5961ECF8D88C}.Release|iPhone.Deploy.0 = Release|Any CPU
		{24CE3C36-16B9-426D-AA0C-5961ECF8D88C}.Release|iPhoneSimulator.ActiveCfg = Release|Any CPU
		{24CE3C36-16B9-426D-AA0C-5961ECF8D88C}.Release|iPhoneSimulator.Build.0 = Release|Any CPU
		{24CE3C36-16B9-426D-AA0C-5961ECF8D88C}.Release|iPhoneSimulator.Deploy.0 = Release|Any CPU
		{3DF3B0F6-368A-4CF6-84C3-F261B31A62E5}.Debug|Any CPU.ActiveCfg = Debug|iPhoneSimulator
		{3DF3B0F6-368A-4CF6-84C3-F261B31A62E5}.Debug|Any CPU.Build.0 = Debug|iPhoneSimulator
		{3DF3B0F6-368A-4CF6-84C3-F261B31A62E5}.Debug|Any CPU.Deploy.0 = Debug|iPhoneSimulator
		{3DF3B0F6-368A-4CF6-84C3-F261B31A62E5}.Debug|iPhone.ActiveCfg = Debug|iPhone
		{3DF3B0F6-368A-4CF6-84C3-F261B31A62E5}.Debug|iPhone.Build.0 = Debug|iPhone
		{3DF3B0F6-368A-4CF6-84C3-F261B31A62E5}.Debug|iPhone.Deploy.0 = Debug|iPhone
		{3DF3B0F6-368A-4CF6-84C3-F261B31A62E5}.Debug|iPhoneSimulator.ActiveCfg = Debug|iPhoneSimulator
		{3DF3B0F6-368A-4CF6-84C3-F261B31A62E5}.Debug|iPhoneSimulator.Build.0 = Debug|iPhoneSimulator
		{3DF3B0F6-368A-4CF6-84C3-F261B31A62E5}.Debug|iPhoneSimulator.Deploy.0 = Debug|iPhoneSimulator
		{3DF3B0F6-368A-4CF6-84C3-F261B31A62E5}.Release|Any CPU.ActiveCfg = Release|iPhone
		{3DF3B0F6-368A-4CF6-84C3-F261B31A62E5}.Release|Any CPU.Build.0 = Release|iPhone
		{3DF3B0F6-368A-4CF6-84C3-F261B31A62E5}.Release|Any CPU.Deploy.0 = Release|iPhone
		{3DF3B0F6-368A-4CF6-84C3-F261B31A62E5}.Release|iPhone.ActiveCfg = Release|iPhone
		{3DF3B0F6-368A-4CF6-84C3-F261B31A62E5}.Release|iPhone.Build.0 = Release|iPhone
		{3DF3B0F6-368A-4CF6-84C3-F261B31A62E5}.Release|iPhone.Deploy.0 = Release|iPhone
		{3DF3B0F6-368A-4CF6-84C3-F261B31A62E5}.Release|iPhoneSimulator.ActiveCfg = Release|iPhoneSimulator
		{3DF3B0F6-368A-4CF6-84C3-F261B31A62E5}.Release|iPhoneSimulator.Build.0 = Release|iPhoneSimulator
		{3DF3B0F6-368A-4CF6-84C3-F261B31A62E5}.Release|iPhoneSimulator.Deploy.0 = Release|iPhoneSimulator
	EndGlobalSection
	GlobalSection(SolutionProperties) = preSolution
		HideSolutionNode = FALSE
	EndGlobalSection
	GlobalSection(ExtensibilityGlobals) = postSolution
		SolutionGuid = {A5ED6753-7BC6-45FB-9208-A477D31EED8E}
	EndGlobalSection
EndGlobal
